
Microsoft Visual Studio Solution File, Format Version 12.00
# Visual Studio Version 17
VisualStudioVersion = 17.0.31912.275
MinimumVisualStudioVersion = 10.0.40219.1
Project("{FAE04EC0-301F-11D3-BF4B-00C04F79EFBC}") = "JWTTokenAuthInAspNet6", "JWTTokenAuthInAspNet6\JWTTokenAuthInAspNet6.csproj", "{7036F8B4-2BA6-4779-B438-F7D2F3CD071F}"
EndProject
Project("{FAE04EC0-301F-11D3-BF4B-00C04F79EFBC}") = "JWTTokenAuthInAspNet6_BAL", "JWTTokenAuthInAspNet6_BAL\JWTTokenAuthInAspNet6_BAL.csproj", "{7BDD4D8F-0501-4EF1-A091-33C722AD2DD6}"
EndProject
Project("{FAE04EC0-301F-11D3-BF4B-00C04F79EFBC}") = "JWTTokenAuthInAspNet6_DAL", "JWTTokenAuthInAspNet6_DAL\JWTTokenAuthInAspNet6_DAL.csproj", "{307FBDB5-A87C-45CE-A225-6D7F20227483}"
EndProject
Global
	GlobalSection(SolutionConfigurationPlatforms) = preSolution
		Debug|Any CPU = Debug|Any CPU
		Release|Any CPU = Release|Any CPU
	EndGlobalSection
	GlobalSection(ProjectConfigurationPlatforms) = postSolution
		{7036F8B4-2BA6-4779-B438-F7D2F3CD071F}.Debug|Any CPU.ActiveCfg = Debug|Any CPU
		{7036F8B4-2BA6-4779-B438-F7D2F3CD071F}.Debug|Any CPU.Build.0 = Debug|Any CPU
		{7036F8B4-2BA6-4779-B438-F7D2F3CD071F}.Release|Any CPU.ActiveCfg = Release|Any CPU
		{7036F8B4-2BA6-4779-B438-F7D2F3CD071F}.Release|Any CPU.Build.0 = Release|Any CPU
		{7BDD4D8F-0501-4EF1-A091-33C722AD2DD6}.Debug|Any CPU.ActiveCfg = Debug|Any CPU
		{7BDD4D8F-0501-4EF1-A091-33C722AD2DD6}.Debug|Any CPU.Build.0 = Debug|Any CPU
		{7BDD4D8F-0501-4EF1-A091-33C722AD2DD6}.Release|Any CPU.ActiveCfg = Release|Any CPU
		{7BDD4D8F-0501-4EF1-A091-33C722AD2DD6}.Release|Any CPU.Build.0 = Release|Any CPU
		{307FBDB5-A87C-45CE-A225-6D7F20227483}.Debug|Any CPU.ActiveCfg = Debug|Any CPU
		{307FBDB5-A87C-45CE-A225-6D7F20227483}.Debug|Any CPU.Build.0 = Debug|Any CPU
		{307FBDB5-A87C-45CE-A225-6D7F20227483}.Release|Any CPU.ActiveCfg = Release|Any CPU
		{307FBDB5-A87C-45CE-A225-6D7F20227483}.Release|Any CPU.Build.0 = Release|Any CPU
	EndGlobalSection
	GlobalSection(SolutionProperties) = preSolution
		HideSolutionNode = FALSE
	EndGlobalSection
	GlobalSection(ExtensibilityGlobals) = postSolution
		SolutionGuid = {CE0BD611-BCA9-4C92-9337-21F49E6CF606}
	EndGlobalSection
EndGlobal
